
Microsoft Visual Studio Solution File, Format Version 12.00
# Visual Studio Version 17
VisualStudioVersion = 17.3.32825.248
MinimumVisualStudioVersion = 10.0.40219.1
Project("{FAE04EC0-301F-11D3-BF4B-00C04F79EFBC}") = "pryArmanini-ClinicaSp1-EjerResolver", "pryArmanini-ClinicaSp1-EjerResolver.csproj", "{278F2A28-F807-4813-87F8-58B21AA049D4}"
EndProject
Global
	GlobalSection(SolutionConfigurationPlatforms) = preSolution
		Debug|Any CPU = Debug|Any CPU
		Release|Any CPU = Release|Any CPU
	EndGlobalSection
	GlobalSection(ProjectConfigurationPlatforms) = postSolution
		{278F2A28-F807-4813-87F8-58B21AA049D4}.Debug|Any CPU.ActiveCfg = Debug|Any CPU
		{278F2A28-F807-4813-87F8-58B21AA049D4}.Debug|Any CPU.Build.0 = Debug|Any CPU
		{278F2A28-F807-4813-87F8-58B21AA049D4}.Release|Any CPU.ActiveCfg = Release|Any CPU
		{278F2A28-F807-4813-87F8-58B21AA049D4}.Release|Any CPU.Build.0 = Release|Any CPU
	EndGlobalSection
	GlobalSection(SolutionProperties) = preSolution
		HideSolutionNode = FALSE
	EndGlobalSection
	GlobalSection(ExtensibilityGlobals) = postSolution
		SolutionGuid = {6B79A19D-660B-450F-B466-1B1BBDE3A4EF}
	EndGlobalSection
EndGlobal
